
Microsoft Visual Studio Solution File, Format Version 11.00
# Visual Studio 2010
Project("{FAE04EC0-301F-11D3-BF4B-00C04F79EFBC}") = "CreateKeys", "ShareSecret\CreateKeys.csproj", "{32CB2208-D567-4D25-9FD2-5027EC39C857}"
EndProject
Project("{FAE04EC0-301F-11D3-BF4B-00C04F79EFBC}") = "GetResult", "GetResult\GetResult.csproj", "{FFD63375-A0F6-4177-AE95-D235250B570A}"
EndProject
Global
	GlobalSection(SolutionConfigurationPlatforms) = preSolution
		Debug|x86 = Debug|x86
		Release|x86 = Release|x86
	EndGlobalSection
	GlobalSection(ProjectConfigurationPlatforms) = postSolution
		{32CB2208-D567-4D25-9FD2-5027EC39C857}.Debug|x86.ActiveCfg = Debug|x86
		{32CB2208-D567-4D25-9FD2-5027EC39C857}.Debug|x86.Build.0 = Debug|x86
		{32CB2208-D567-4D25-9FD2-5027EC39C857}.Release|x86.ActiveCfg = Release|x86
		{32CB2208-D567-4D25-9FD2-5027EC39C857}.Release|x86.Build.0 = Release|x86
		{FFD63375-A0F6-4177-AE95-D235250B570A}.Debug|x86.ActiveCfg = Debug|x86
		{FFD63375-A0F6-4177-AE95-D235250B570A}.Debug|x86.Build.0 = Debug|x86
		{FFD63375-A0F6-4177-AE95-D235250B570A}.Release|x86.ActiveCfg = Release|x86
		{FFD63375-A0F6-4177-AE95-D235250B570A}.Release|x86.Build.0 = Release|x86
	EndGlobalSection
	GlobalSection(SolutionProperties) = preSolution
		HideSolutionNode = FALSE
	EndGlobalSection
EndGlobal
